PODS:
  - CHSlideSwitchView (1.0.3):
    - SnapKit (~> 4.0.0)
  - SnapKit (4.0.0)

DEPENDENCIES:
  - CHSlideSwitchView (from `../`)

EXTERNAL SOURCES:
  CHSlideSwitchView:
    :path: ../

SPEC CHECKSUMS:
  CHSlideSwitchView: eabaf17a7056ed85b5ed222687fb77aa631cb198
  SnapKit: a42d492c16e80209130a3379f73596c3454b7694

PODFILE CHECKSUM: 4918279a124d1ee6489bc0e0da5c1b214d51322b

COCOAPODS: 1.3.1
